{
  "name": "dualsense-ps5-node",
  "version": "1.0.0",
  "lockfileVersion": 1,
  "requires": true,
  "dependencies": {
    "@daybrush/utils": {
      "version": "1.4.0",
      "resolved": "https://registry.npmjs.org/@daybrush/utils/-/utils-1.4.0.tgz",
      "integrity": "sha512-P+l76QjGFwu8IbrFoIHO1equrL02h6wYJLRZ37Snr6o3bPEwPS0mdJqyTZipHMhrWoR44UVtZTUi41GPCDc9PQ=="
    },
    "@egjs/agent": {
      "version": "2.3.0",
      "resolved": "https://registry.npmjs.org/@egjs/agent/-/agent-2.3.0.tgz",
      "integrity": "sha512-ENhwkOW6rnYW8IuXJwvECIAzj7nMxq+ctB8uCJ+mKnoKK8tGiv3YXtN6nuaOov2YmXdRdwafSz9rhgRNXswX/A=="
    },
    "@egjs/children-differ": {
      "version": "1.0.1",
      "resolved": "https://registry.npmjs.org/@egjs/children-differ/-/children-differ-1.0.1.tgz",
      "integrity": "sha512-DRvyqMf+CPCOzAopQKHtW+X8iN6Hy6SFol+/7zCUiE5y4P/OB8JP8FtU4NxtZwtafvSL4faD5KoQYPj3JHzPFQ==",
      "requires": {
        "@egjs/list-differ": "^1.0.0"
      }
    },
    "@egjs/list-differ": {
      "version": "1.0.0",
      "resolved": "https://registry.npmjs.org/@egjs/list-differ/-/list-differ-1.0.0.tgz",
      "integrity": "sha512-HsbMKc0ZAQH+EUeCmI/2PvTYSybmkaWwakU8QGDYYgMVIg9BQ5sM0A0Nnombjxo2+JzXHxmH+jw//yGX+y6GYw=="
    },
    "@famibee/skynovel": {
      "version": "1.16.4",
      "resolved": "https://registry.npmjs.org/@famibee/skynovel/-/skynovel-1.16.4.tgz",
      "integrity": "sha512-FxfW4T4LS62egZRP3qmKphijtttFM9/O3sewV+FgsU7zzn3aDKVkImrIdFdWLhsuHwT6UZIoywCDgsX6XsuxUA==",
      "requires": {
        "@tweenjs/tween.js": "^18.6.4",
        "devtools-detect": "^3.0.1",
        "electron-store": "^7.0.2",
        "fs-extra": "^9.1.0",
        "gamepad.js": "^1.0.3",
        "moveable": "^0.24.5",
        "parsimmon": "^1.16.0",
        "pixi-sound": "^3.0.5",
        "pixi.js": "^5.3.9",
        "platform": "^1.3.6",
        "socket.io-client": "^4.0.1",
        "store": "^2.0.12",
        "tar-fs": "^2.1.1",
        "xml2js": "^0.4.23"
      }
    },
    "@pixi/accessibility": {
      "version": "5.3.9",
      "resolved": "https://registry.npmjs.org/@pixi/accessibility/-/accessibility-5.3.9.tgz",
      "integrity": "sha512-Y0+gjfq1ZJl4O6hC6O9KMCLvjAwSy3p9motZvfYs2x2QNLPI9IAafjn2qnM2Cp/Q86ySvqD6DCvLJZ/ni9tyVQ==",
      "requires": {
        "@pixi/core": "5.3.9",
        "@pixi/display": "5.3.9",
        "@pixi/utils": "5.3.9"
      }
    },
    "@pixi/app": {
      "version": "5.3.9",
      "resolved": "https://registry.npmjs.org/@pixi/app/-/app-5.3.9.tgz",
      "integrity": "sha512-5SDMFjCqX0TCMgjuDxLRNpphpIUC3mtTatw06PGf9OUgxMuRwy/PqamYArFosIhnoU4R9ubeo4dE1tQaeYniQw==",
      "requires": {
        "@pixi/core": "5.3.9",
        "@pixi/display": "5.3.9"
      }
    },
    "@pixi/constants": {
      "version": "5.3.9",
      "resolved": "https://registry.npmjs.org/@pixi/constants/-/constants-5.3.9.tgz",
      "integrity": "sha512-ItYz91qkQdklsjVMHFBPjxE2qiuhv8M8A1c+j3oSBIvRR2/usjwJ24ppYe9TeISa/ONmM24EIW9u9X8WZ0fF8g=="
    },
    "@pixi/core": {
      "version": "5.3.9",
      "resolved": "https://registry.npmjs.org/@pixi/core/-/core-5.3.9.tgz",
      "integrity": "sha512-a2W/tqbMGeaNgkcZ2F4930W6OSFwZcOza/z0U9/Pw1JQRgzpJw1ZjZWM+XP0zI0BYcAI+jQUqleBxg5lp3L9HQ==",
      "requires": {
        "@pixi/constants": "5.3.9",
        "@pixi/math": "5.3.9",
        "@pixi/runner": "5.3.9",
        "@pixi/settings": "5.3.9",
        "@pixi/ticker": "5.3.9",
        "@pixi/utils": "5.3.9"
      }
    },
    "@pixi/display": {
      "version": "5.3.9",
      "resolved": "https://registry.npmjs.org/@pixi/display/-/display-5.3.9.tgz",
      "integrity": "sha512-5oNJjZp2if+cm1Wc19OjnO5yDmJozg0ctcxonT7YV2zMkfYc3M1C8svgpkKq5zJILjwSKio2lYbTa/6pGSgtBA==",
      "requires": {
        "@pixi/math": "5.3.9",
        "@pixi/settings": "5.3.9",
        "@pixi/utils": "5.3.9"
      }
    },
    "@pixi/extract": {
      "version": "5.3.9",
      "resolved": "https://registry.npmjs.org/@pixi/extract/-/extract-5.3.9.tgz",
      "integrity": "sha512-h74fAPyiRgZudysbd1Jss3uKtl89wprRxRVbTQHWzSeu382qBGPXONHmT7RIQRk4hRMAASxeWltibVtKMphelQ==",
      "requires": {
        "@pixi/core": "5.3.9",
        "@pixi/math": "5.3.9",
        "@pixi/utils": "5.3.9"
      }
    },
    "@pixi/filter-alpha": {
      "version": "5.3.9",
      "resolved": "https://registry.npmjs.org/@pixi/filter-alpha/-/filter-alpha-5.3.9.tgz",
      "integrity": "sha512-qfPJeKViLl/55dGzqX7qzTXy7XLIURw8kOdr89BssoQnGLosI7gEcKXMk2ib+tKk2KYzlGCScmcx1TU+sC++xQ==",
      "requires": {
        "@pixi/core": "5.3.9"
      }
    },
    "@pixi/filter-blur": {
      "version": "5.3.9",
      "resolved": "https://registry.npmjs.org/@pixi/filter-blur/-/filter-blur-5.3.9.tgz",
      "integrity": "sha512-Xr5/irGK70oF4Xw3wabeKecq9oFTZDJ/oKPKotFgG+Dxiy2DmBh+oHpOsteCJ18QLHvKLrr0AJt6AkpoNFcKnQ==",
      "requires": {
        "@pixi/core": "5.3.9",
        "@pixi/settings": "5.3.9"
      }
    },
    "@pixi/filter-color-matrix": {
      "version": "5.3.9",
      "resolved": "https://registry.npmjs.org/@pixi/filter-color-matrix/-/filter-color-matrix-5.3.9.tgz",
      "integrity": "sha512-02Bj4TPhLl5PneZh9eaAhJgWjKv4HfR/4+gJxzp4/Es61aW/fz+38DD5JywmXNDV39RnUhLpvnMrbqYzdHXZIw==",
      "requires": {
        "@pixi/core": "5.3.9"
      }
    },
    "@pixi/filter-displacement": {
      "version": "5.3.9",
      "resolved": "https://registry.npmjs.org/@pixi/filter-displacement/-/filter-displacement-5.3.9.tgz",
      "integrity": "sha512-VWwk1jyrS2VMprzknaqA9PqNda7TS2qp3tAVt97qadM5sRE0LzkhYvd+w4/b2TzvrHcu+0q5odmKuFuiSSE51Q==",
      "requires": {
        "@pixi/core": "5.3.9",
        "@pixi/math": "5.3.9"
      }
    },
    "@pixi/filter-fxaa": {
      "version": "5.3.9",
      "resolved": "https://registry.npmjs.org/@pixi/filter-fxaa/-/filter-fxaa-5.3.9.tgz",
      "integrity": "sha512-fuOADEHVn9XVyo8o88TiPgHRQ7P3NpGkQmS95mFW9SIP//QuQ8ikj3yYuBKtNM6TsCsJe7/bTv4i7uX8l00kVQ==",
      "requires": {
        "@pixi/core": "5.3.9"
      }
    },
    "@pixi/filter-noise": {
      "version": "5.3.9",
      "resolved": "https://registry.npmjs.org/@pixi/filter-noise/-/filter-noise-5.3.9.tgz",
      "integrity": "sha512-FtVbg49p0DLoaW2ua4no8ACgBJkip5yVYDqBkuZIPUP6PrXssCSjpU0w060TtcL6qQI9GpUqOBxffN3Qhn+VHg==",
      "requires": {
        "@pixi/core": "5.3.9"
      }
    },
    "@pixi/graphics": {
      "version": "5.3.9",
      "resolved": "https://registry.npmjs.org/@pixi/graphics/-/graphics-5.3.9.tgz",
      "integrity": "sha512-JWzMabJI4iy3Wynv26VcgMvTN/QH6w2qoYS2WQZlA9YYPLrdIpRoArHUlSU4bAoc9AqrTuOI6Xd6xHZspLH36A==",
      "requires": {
        "@pixi/constants": "5.3.9",
        "@pixi/core": "5.3.9",
        "@pixi/display": "5.3.9",
        "@pixi/math": "5.3.9",
        "@pixi/sprite": "5.3.9",
        "@pixi/utils": "5.3.9"
      }
    },
    "@pixi/interaction": {
      "version": "5.3.9",
      "resolved": "https://registry.npmjs.org/@pixi/interaction/-/interaction-5.3.9.tgz",
      "integrity": "sha512-sDxS6/MXY3zhIJKbKCwHMhO7+2hbXGydIkZtn6LtpKN2X19z69M/C9Ka+5ckPfbmrKf25ohjvcGS8xWqf0sNOw==",
      "requires": {
        "@pixi/core": "5.3.9",
        "@pixi/display": "5.3.9",
        "@pixi/math": "5.3.9",
        "@pixi/ticker": "5.3.9",
        "@pixi/utils": "5.3.9"
      }
    },
    "@pixi/loaders": {
      "version": "5.3.9",
      "resolved": "https://registry.npmjs.org/@pixi/loaders/-/loaders-5.3.9.tgz",
      "integrity": "sha512-qepjJ/aup+A5do26yj13Ma3z8kKp+HhkQL2F4uPeIm019DytO8vfKntjmNzU7obw2FMKbn1PRUmX8METLC6DOA==",
      "requires": {
        "@pixi/core": "5.3.9",
        "@pixi/utils": "5.3.9",
        "resource-loader": "^3.0.1"
      }
    },
    "@pixi/math": {
      "version": "5.3.9",
      "resolved": "https://registry.npmjs.org/@pixi/math/-/math-5.3.9.tgz",
      "integrity": "sha512-Ka5ypD22Te+DEx2572Zsct7mYnbl0em+lzvJBdbQnddCfvW9JBILAwULFa4Z8KxeeLT2PMCgp1wxwG1yQaiS6A=="
    },
    "@pixi/mesh": {
      "version": "5.3.9",
      "resolved": "https://registry.npmjs.org/@pixi/mesh/-/mesh-5.3.9.tgz",
      "integrity": "sha512-fyKlk1AKJHwQ/0u+4+4nxScstreH05yHmCyDVM2fc1e9VbJy2Z7ZOueZCgguRfJrDvMqMqtkfKTWTzDvcADsYQ==",
      "requires": {
        "@pixi/constants": "5.3.9",
        "@pixi/core": "5.3.9",
        "@pixi/display": "5.3.9",
        "@pixi/math": "5.3.9",
        "@pixi/settings": "5.3.9",
        "@pixi/utils": "5.3.9"
      }
    },
    "@pixi/mesh-extras": {
      "version": "5.3.9",
      "resolved": "https://registry.npmjs.org/@pixi/mesh-extras/-/mesh-extras-5.3.9.tgz",
      "integrity": "sha512-Xl7rXSjS048r8x1ZJ0s0DmKARqUhUPLp0VVhZho38IZKRFyEj1dkiOFYkamovxrVYdmZ12GvhdS74NSKiX1wEA==",
      "requires": {
        "@pixi/constants": "5.3.9",
        "@pixi/core": "5.3.9",
        "@pixi/math": "5.3.9",
        "@pixi/mesh": "5.3.9",
        "@pixi/utils": "5.3.9"
      }
    },
    "@pixi/mixin-cache-as-bitmap": {
      "version": "5.3.9",
      "resolved": "https://registry.npmjs.org/@pixi/mixin-cache-as-bitmap/-/mixin-cache-as-bitmap-5.3.9.tgz",
      "integrity": "sha512-udmyHkc8FIRlHzAg29kmvSFlbkO7Q9B3G3Oxiw5g/c8L2HE45iXpasor7o0gSAz90+gwWxieBK60uDKr4vX8sQ==",
      "requires": {
        "@pixi/core": "5.3.9",
        "@pixi/display": "5.3.9",
        "@pixi/math": "5.3.9",
        "@pixi/settings": "5.3.9",
        "@pixi/sprite": "5.3.9",
        "@pixi/utils": "5.3.9"
      }
    },
    "@pixi/mixin-get-child-by-name": {
      "version": "5.3.9",
      "resolved": "https://registry.npmjs.org/@pixi/mixin-get-child-by-name/-/mixin-get-child-by-name-5.3.9.tgz",
      "integrity": "sha512-rGjPrKSdr84iHMxQp26ZHYEc1BStLsNsxyQLcKCxOGZzzzP7g2X8Wwsw66Ie51U/ue4OpcxcUoGOlh88hVJtNw==",
      "requires": {
        "@pixi/display": "5.3.9"
      }
    },
    "@pixi/mixin-get-global-position": {
      "version": "5.3.9",
      "resolved": "https://registry.npmjs.org/@pixi/mixin-get-global-position/-/mixin-get-global-position-5.3.9.tgz",
      "integrity": "sha512-HPhb7gI3XnO8bJonqXYt/dEesh7TD6EkLHzKq8d7GdrB+JebfK4RMwgbL6vliVQianmTzl2J/1NgZ96fKg8HAw==",
      "requires": {
        "@pixi/display": "5.3.9",
        "@pixi/math": "5.3.9"
      }
    },
    "@pixi/particles": {
      "version": "5.3.9",
      "resolved": "https://registry.npmjs.org/@pixi/particles/-/particles-5.3.9.tgz",
      "integrity": "sha512-NAB3to0Om5LicwUpMeMsjxaXZYXi9mdTOgucXirf7I+RKPEp8wZg9g10esXjFjCryQYSlr2YPTpfANiK2pzdJw==",
      "requires": {
        "@pixi/constants": "5.3.9",
        "@pixi/core": "5.3.9",
        "@pixi/display": "5.3.9",
        "@pixi/math": "5.3.9",
        "@pixi/utils": "5.3.9"
      }
    },
    "@pixi/polyfill": {
      "version": "5.3.9",
      "resolved": "https://registry.npmjs.org/@pixi/polyfill/-/polyfill-5.3.9.tgz",
      "integrity": "sha512-y5DLSWtIMafET1o4C1xfNyXvZGC5HZLqRoQ7ypmvjcn7owk2C+61KPV0rrH5kyK5ncWaI6utnoVyvivo/Shp8A==",
      "requires": {
        "es6-promise-polyfill": "^1.2.0",
        "object-assign": "^4.1.1"
      }
    },
    "@pixi/prepare": {
      "version": "5.3.9",
      "resolved": "https://registry.npmjs.org/@pixi/prepare/-/prepare-5.3.9.tgz",
      "integrity": "sha512-ykb5YI06rYPQm5ZC8ymmVprjyno4WskRdr8DRuq/z8008ZqL1+YN0Yw/8v0aXpOdh43uPYUPHvHj77tLuV8BRQ==",
      "requires": {
        "@pixi/core": "5.3.9",
        "@pixi/display": "5.3.9",
        "@pixi/graphics": "5.3.9",
        "@pixi/settings": "5.3.9",
        "@pixi/text": "5.3.9",
        "@pixi/ticker": "5.3.9"
      }
    },
    "@pixi/runner": {
      "version": "5.3.9",
      "resolved": "https://registry.npmjs.org/@pixi/runner/-/runner-5.3.9.tgz",
      "integrity": "sha512-AN36mZivER12D1wmjoAf7scjK1JLO/uA9PyzfAResccafkev4W/PtjAYODSYUbNf3SnxvQMlpdVK7NHSwnxifQ=="
    },
    "@pixi/settings": {
      "version": "5.3.9",
      "resolved": "https://registry.npmjs.org/@pixi/settings/-/settings-5.3.9.tgz",
      "integrity": "sha512-4moUuiDOibv/Fm2QVUg2TUL/6ZmYEi6OSifV4OlzMkaoyEtpc//4YC6nm+a0zDoQ2SxCWn9ADUexkNGsKNwi6Q==",
      "requires": {
        "ismobilejs": "^1.1.0"
      }
    },
    "@pixi/sprite": {
      "version": "5.3.9",
      "resolved": "https://registry.npmjs.org/@pixi/sprite/-/sprite-5.3.9.tgz",
      "integrity": "sha512-NCBl53D3OGuXyBzsDY5j4tzyMhXo9x3B9tGkZTaPamy6LFuJAHKz1rJLCft0dhQG0mCRihDHA7RVJF6t2NcQag==",
      "requires": {
        "@pixi/constants": "5.3.9",
        "@pixi/core": "5.3.9",
        "@pixi/display": "5.3.9",
        "@pixi/math": "5.3.9",
        "@pixi/settings": "5.3.9",
        "@pixi/utils": "5.3.9"
      }
    },
    "@pixi/sprite-animated": {
      "version": "5.3.9",
      "resolved": "https://registry.npmjs.org/@pixi/sprite-animated/-/sprite-animated-5.3.9.tgz",
      "integrity": "sha512-8s4Y8eHMbzwDX62LuvW0E8TV5mNnLcrqYGXxh5AkY5pp2b33ob9LD6ajs9vfVAaAXLwCjNCWy6N8K7jB07NzhQ==",
      "requires": {
        "@pixi/core": "5.3.9",
        "@pixi/sprite": "5.3.9",
        "@pixi/ticker": "5.3.9"
      }
    },
    "@pixi/sprite-tiling": {
      "version": "5.3.9",
      "resolved": "https://registry.npmjs.org/@pixi/sprite-tiling/-/sprite-tiling-5.3.9.tgz",
      "integrity": "sha512-3KgsYJcdR4VCHNa9vdsbrJOpAFg9ggNvGhHfU2zrZqv54b2NK1ieBLgFLXsefB2/1SYpgWjQUQ9wWzoc8Z5NXQ==",
      "requires": {
        "@pixi/constants": "5.3.9",
        "@pixi/core": "5.3.9",
        "@pixi/display": "5.3.9",
        "@pixi/math": "5.3.9",
        "@pixi/sprite": "5.3.9",
        "@pixi/utils": "5.3.9"
      }
    },
    "@pixi/spritesheet": {
      "version": "5.3.9",
      "resolved": "https://registry.npmjs.org/@pixi/spritesheet/-/spritesheet-5.3.9.tgz",
      "integrity": "sha512-N7wK8qQMI8rBpLXO1QalA9HOJ8j0+jM/ZYl2JWewo8rbxKpXTllOazr8QdSaofxAhCCsmG2QBzfR//tZS+WfGg==",
      "requires": {
        "@pixi/core": "5.3.9",
        "@pixi/loaders": "5.3.9",
        "@pixi/math": "5.3.9",
        "@pixi/utils": "5.3.9"
      }
    },
    "@pixi/text": {
      "version": "5.3.9",
      "resolved": "https://registry.npmjs.org/@pixi/text/-/text-5.3.9.tgz",
      "integrity": "sha512-QT1XRqLpaN0IsIHCbL8hgvRQSoHTodgvjeMCfAbp8KC0fLYxxKaD7RIU02Ito1Vl0cGON65/lg/qQMegQocgsg==",
      "requires": {
        "@pixi/core": "5.3.9",
        "@pixi/math": "5.3.9",
        "@pixi/settings": "5.3.9",
        "@pixi/sprite": "5.3.9",
        "@pixi/utils": "5.3.9"
      }
    },
    "@pixi/text-bitmap": {
      "version": "5.3.9",
      "resolved": "https://registry.npmjs.org/@pixi/text-bitmap/-/text-bitmap-5.3.9.tgz",
      "integrity": "sha512-s33Y+iiiLIIe4d9Tevn8VQ9HZfmpud0GU1OdoWRhMAKiXXsoI12e+hzVS6bOS5rsD0iyyS7Bcs4zxbBezSU24A==",
      "requires": {
        "@pixi/core": "5.3.9",
        "@pixi/display": "5.3.9",
        "@pixi/loaders": "5.3.9",
        "@pixi/math": "5.3.9",
        "@pixi/mesh": "5.3.9",
        "@pixi/settings": "5.3.9",
        "@pixi/text": "5.3.9",
        "@pixi/utils": "5.3.9"
      }
    },
    "@pixi/ticker": {
      "version": "5.3.9",
      "resolved": "https://registry.npmjs.org/@pixi/ticker/-/ticker-5.3.9.tgz",
      "integrity": "sha512-t7hc72X70lAp3H+m5BY6fS3U6XOdMqQrv6+5z4vfqBBr1lOuJGWUhgIpGXk0qhOl4F88LQlXkOsfk/qqUN+NCQ==",
      "requires": {
        "@pixi/settings": "5.3.9"
      }
    },
    "@pixi/utils": {
      "version": "5.3.9",
      "resolved": "https://registry.npmjs.org/@pixi/utils/-/utils-5.3.9.tgz",
      "integrity": "sha512-yvwaRo9VtSTAQsEFkYHjz12h3eW5Ww8Emk6XunEOiGPlByvs7AUsDpDGcym7DcKlePszHBSDPOj6gW56pZLzdA==",
      "requires": {
        "@pixi/constants": "5.3.9",
        "@pixi/settings": "5.3.9",
        "earcut": "^2.1.5",
        "eventemitter3": "^3.1.0",
        "url": "^0.11.0"
      }
    },
    "@scena/dragscroll": {
      "version": "1.0.1",
      "resolved": "https://registry.npmjs.org/@scena/dragscroll/-/dragscroll-1.0.1.tgz",
      "integrity": "sha512-EQXsJku85gb8dxlCWmMpqWieunN/Ojr5u5czNQwwC/Ab0YjhdHtvvK9DGS9ej9Uu4+MbN/F4HUTIMhhukx6dSg==",
      "requires": {
        "@scena/event-emitter": "^1.0.2"
      }
    },
    "@scena/event-emitter": {
      "version": "1.0.5",
      "resolved": "https://registry.npmjs.org/@scena/event-emitter/-/event-emitter-1.0.5.tgz",
      "integrity": "sha512-AzY4OTb0+7ynefmWFQ6hxDdk0CySAq/D4efljfhtRHCOP7MBF9zUfhKG3TJiroVjASqVgkRJFdenS8ArZo6Olg==",
      "requires": {
        "@daybrush/utils": "^1.1.1"
      }
    },
    "@scena/matrix": {
      "version": "1.1.1",
      "resolved": "https://registry.npmjs.org/@scena/matrix/-/matrix-1.1.1.tgz",
      "integrity": "sha512-JVKBhN0tm2Srl+Yt+Ywqu0oLgLcdemDQlD1OxmN9jaCTwaFPZ7tY8n6dhVgMEaR9qcR7r+kAlMXnSfNyYdE+Vg==",
      "requires": {
        "@daybrush/utils": "^1.4.0"
      }
    },
    "@tweenjs/tween.js": {
      "version": "18.6.4",
      "resolved": "https://registry.npmjs.org/@tweenjs/tween.js/-/tween.js-18.6.4.tgz",
      "integrity": "sha512-lB9lMjuqjtuJrx7/kOkqQBtllspPIN+96OvTCeJ2j5FEzinoAXTdAMFnDAQT1KVPRlnYfBrqxtqP66vDM40xxQ=="
    },
    "@types/component-emitter": {
      "version": "1.2.10",
      "resolved": "https://registry.npmjs.org/@types/component-emitter/-/component-emitter-1.2.10.tgz",
      "integrity": "sha512-bsjleuRKWmGqajMerkzox19aGbscQX5rmmvvXl3wlIp5gMG1HgkiwPxsN5p070fBDKTNSPgojVbuY1+HWMbFhg=="
    },
    "ajv": {
      "version": "7.2.4",
      "resolved": "https://registry.npmjs.org/ajv/-/ajv-7.2.4.tgz",
      "integrity": "sha512-nBeQgg/ZZA3u3SYxyaDvpvDtgZ/EZPF547ARgZBrG9Bhu1vKDwAIjtIf+sDtJUKa2zOcEbmRLBRSyMraS/Oy1A==",
      "requires": {
        "fast-deep-equal": "^3.1.1",
        "json-schema-traverse": "^1.0.0",
        "require-from-string": "^2.0.2",
        "uri-js": "^4.2.2"
      }
    },
    "ajv-formats": {
      "version": "1.6.1",
      "resolved": "https://registry.npmjs.org/ajv-formats/-/ajv-formats-1.6.1.tgz",
      "integrity": "sha512-4CjkH20If1lhR5CGtqkrVg3bbOtFEG80X9v6jDOIUhbzzbB+UzPBGy8GQhUNVZ0yvMHdMpawCOcy5ydGMsagGQ==",
      "requires": {
        "ajv": "^7.0.0"
      }
    },
    "at-least-node": {
      "version": "1.0.0",
      "resolved": "https://registry.npmjs.org/at-least-node/-/at-least-node-1.0.0.tgz",
      "integrity": "sha512-+q/t7Ekv1EDY2l6Gda6LLiX14rU9TV20Wa3ofeQmwPFZbOMo9DXrLbOjFaaclkXKWidIaopwAObQDqwWtGUjqg=="
    },
    "atomically": {
      "version": "1.7.0",
      "resolved": "https://registry.npmjs.org/atomically/-/atomically-1.7.0.tgz",
      "integrity": "sha512-Xcz9l0z7y9yQ9rdDaxlmaI4uJHf/T8g9hOEzJcsEqX2SjCj4J20uK7+ldkDHMbpJDK76wF7xEIgxc/vSlsfw5w=="
    },
    "backo2": {
      "version": "1.0.2",
      "resolved": "https://registry.npmjs.org/backo2/-/backo2-1.0.2.tgz",
      "integrity": "sha1-MasayLEpNjRj41s+u2n038+6eUc="
    },
    "base64-arraybuffer": {
      "version": "0.1.4",
      "resolved": "https://registry.npmjs.org/base64-arraybuffer/-/base64-arraybuffer-0.1.4.tgz",
      "integrity": "sha1-mBjHngWbE1X5fgQooBfIOOkLqBI="
    },
    "base64-js": {
      "version": "1.5.1",
      "resolved": "https://registry.npmjs.org/base64-js/-/base64-js-1.5.1.tgz",
      "integrity": "sha512-AKpaYlHn8t4SVbOHCy+b5+KKgvR4vrsD8vbvrbiQJps7fKDTkjkDry6ji0rUJjC0kzbNePLwzxq8iypo41qeWA=="
    },
    "bl": {
      "version": "4.1.0",
      "resolved": "https://registry.npmjs.org/bl/-/bl-4.1.0.tgz",
      "integrity": "sha512-1W07cM9gS6DcLperZfFSj+bWLtaPGSOHWhPiGzXmvVJbRLdG82sH/Kn8EtW1VqWVA54AKf2h5k5BbnIbwF3h6w==",
      "requires": {
        "buffer": "^5.5.0",
        "inherits": "^2.0.4",
        "readable-stream": "^3.4.0"
      }
    },
    "buffer": {
      "version": "5.7.1",
      "resolved": "https://registry.npmjs.org/buffer/-/buffer-5.7.1.tgz",
      "integrity": "sha512-EHcyIPBQ4BSGlvjB16k5KgAJ27CIsHY/2JBmCRReo48y9rQ3MaUzWX3KVlBa4U7MyX02HdVj0K7C3WaB3ju7FQ==",
      "requires": {
        "base64-js": "^1.3.1",
        "ieee754": "^1.1.13"
      }
    },
    "chownr": {
      "version": "1.1.4",
      "resolved": "https://registry.npmjs.org/chownr/-/chownr-1.1.4.tgz",
      "integrity": "sha512-jJ0bqzaylmJtVnNgzTeSOs8DPavpbYgEr/b0YL8/2GO3xJEhInFmhKMUnEJQjZumK7KXGFhUy89PrsJWlakBVg=="
    },
    "component-emitter": {
      "version": "1.3.0",
      "resolved": "https://registry.npmjs.org/component-emitter/-/component-emitter-1.3.0.tgz",
      "integrity": "sha512-Rd3se6QB+sO1TwqZjscQrurpEPIfO0/yYnSin6Q/rD3mOutHvUrCAhJub3r90uNb+SESBuE0QYoB90YdfatsRg=="
    },
    "conf": {
      "version": "9.0.2",
      "resolved": "https://registry.npmjs.org/conf/-/conf-9.0.2.tgz",
      "integrity": "sha512-rLSiilO85qHgaTBIIHQpsv8z+NnVfZq3cKuYNCXN1AOqPzced0GWZEe/A517VldRLyQYXUMyV+vszavE2jSAqw==",
      "requires": {
        "ajv": "^7.0.3",
        "ajv-formats": "^1.5.1",
        "atomically": "^1.7.0",
        "debounce-fn": "^4.0.0",
        "dot-prop": "^6.0.1",
        "env-paths": "^2.2.0",
        "json-schema-typed": "^7.0.3",
        "make-dir": "^3.1.0",
        "onetime": "^5.1.2",
        "pkg-up": "^3.1.0",
        "semver": "^7.3.4"
      }
    },
    "css-styled": {
      "version": "1.0.0",
      "resolved": "https://registry.npmjs.org/css-styled/-/css-styled-1.0.0.tgz",
      "integrity": "sha512-lDdPvM2/djv+La110zVY3RGQ7X4OOlzLS+IEjRcn8UlUmJd1+GNcGfDFmsKWwnLBupsY1w0QM1gRgV4RdcCjfw==",
      "requires": {
        "@daybrush/utils": "^1.0.0",
        "string-hash": "^1.1.3"
      }
    },
    "css-to-mat": {
      "version": "1.0.3",
      "resolved": "https://registry.npmjs.org/css-to-mat/-/css-to-mat-1.0.3.tgz",
      "integrity": "sha512-HADRhVqPc8wFqEp6ClK+uuPYg+FMBinNo2ReLyI/KQCncmHPJ60o5zldyJG7NjsTqXWbdfGJO51jnoxfMvWJiA==",
      "requires": {
        "@daybrush/utils": "^1.3.1",
        "@scena/matrix": "^1.0.0"
      }
    },
    "debounce-fn": {
      "version": "4.0.0",
      "resolved": "https://registry.npmjs.org/debounce-fn/-/debounce-fn-4.0.0.tgz",
      "integrity": "sha512-8pYCQiL9Xdcg0UPSD3d+0KMlOjp+KGU5EPwYddgzQ7DATsg4fuUDjQtsYLmWjnk2obnNHgV3vE2Y4jejSOJVBQ==",
      "requires": {
        "mimic-fn": "^3.0.0"
      }
    },
    "debug": {
      "version": "4.3.1",
      "resolved": "https://registry.npmjs.org/debug/-/debug-4.3.1.tgz",
      "integrity": "sha512-doEwdvm4PCeK4K3RQN2ZC2BYUBaxwLARCqZmMjtF8a51J2Rb0xpVloFRnCODwqjpwnAoao4pelN8l3RJdv3gRQ==",
      "requires": {
        "ms": "2.1.2"
      }
    },
    "devtools-detect": {
      "version": "3.0.1",
      "resolved": "https://registry.npmjs.org/devtools-detect/-/devtools-detect-3.0.1.tgz",
      "integrity": "sha512-nmp9QLSDKqHYtUPIMRtg1uX5euxTbTHf+ATCsPqZqCfROSwu3Sm0yfJD4Zc/LqgCjA6mgj3zpnBUUZMvSJcROg=="
    },
    "dot-prop": {
      "version": "6.0.1",
      "resolved": "https://registry.npmjs.org/dot-prop/-/dot-prop-6.0.1.tgz",
      "integrity": "sha512-tE7ztYzXHIeyvc7N+hR3oi7FIbf/NIjVP9hmAt3yMXzrQ072/fpjGLx2GxNxGxUl5V73MEqYzioOMoVhGMJ5cA==",
      "requires": {
        "is-obj": "^2.0.0"
      }
    },
    "earcut": {
      "version": "2.2.2",
      "resolved": "https://registry.npmjs.org/earcut/-/earcut-2.2.2.tgz",
      "integrity": "sha512-eZoZPPJcUHnfRZ0PjLvx2qBordSiO8ofC3vt+qACLM95u+4DovnbYNpQtJh0DNsWj8RnxrQytD4WA8gj5cRIaQ=="
    },
    "electron-store": {
      "version": "7.0.2",
      "resolved": "https://registry.npmjs.org/electron-store/-/electron-store-7.0.2.tgz",
      "integrity": "sha512-tSUeHF9qdiPirph8JKJvIIcdVb3wYwgHUJCE38SJq4L08Op2z1+u8DSQ42Nvx34TKvb2lkQkByV0tHh6xBxdEQ==",
      "requires": {
        "conf": "^9.0.0",
        "type-fest": "^0.20.2"
      }
    },
    "end-of-stream": {
      "version": "1.4.4",
      "resolved": "https://registry.npmjs.org/end-of-stream/-/end-of-stream-1.4.4.tgz",
      "integrity": "sha512-+uw1inIHVPQoaVuHzRyXd21icM+cnt4CzD5rW+NC1wjOUSTOs+Te7FOv7AhN7vS9x/oIyhLP5PR1H+phQAHu5Q==",
      "requires": {
        "once": "^1.4.0"
      }
    },
    "engine.io-client": {
      "version": "5.0.1",
      "resolved": "https://registry.npmjs.org/engine.io-client/-/engine.io-client-5.0.1.tgz",
      "integrity": "sha512-CQtGN3YwfvbxVwpPugcsHe5rHT4KgT49CEcQppNtu9N7WxbPN0MAG27lGaem7bvtCFtGNLSL+GEqXsFSz36jTg==",
      "requires": {
        "base64-arraybuffer": "0.1.4",
        "component-emitter": "~1.3.0",
        "debug": "~4.3.1",
        "engine.io-parser": "~4.0.1",
        "has-cors": "1.1.0",
        "parseqs": "0.0.6",
        "parseuri": "0.0.6",
        "ws": "~7.4.2",
        "yeast": "0.1.2"
      }
    },
    "engine.io-parser": {
      "version": "4.0.2",
      "resolved": "https://registry.npmjs.org/engine.io-parser/-/engine.io-parser-4.0.2.tgz",
      "integrity": "sha512-sHfEQv6nmtJrq6TKuIz5kyEKH/qSdK56H/A+7DnAuUPWosnIZAS2NHNcPLmyjtY3cGS/MqJdZbUjW97JU72iYg==",
      "requires": {
        "base64-arraybuffer": "0.1.4"
      }
    },
    "env-paths": {
      "version": "2.2.1",
      "resolved": "https://registry.npmjs.org/env-paths/-/env-paths-2.2.1.tgz",
      "integrity": "sha512-+h1lkLKhZMTYjog1VEpJNG7NZJWcuc2DDk/qsqSTRRCOXiLjeQ1d1/udrUGhqMxUgAlwKNZ0cf2uqan5GLuS2A=="
    },
    "es6-promise-polyfill": {
      "version": "1.2.0",
      "resolved": "https://registry.npmjs.org/es6-promise-polyfill/-/es6-promise-polyfill-1.2.0.tgz",
      "integrity": "sha1-84kl8jyz4+jObNqP93T867sJDN4="
    },
    "eventemitter3": {
      "version": "3.1.2",
      "resolved": "https://registry.npmjs.org/eventemitter3/-/eventemitter3-3.1.2.tgz",
      "integrity": "sha512-tvtQIeLVHjDkJYnzf2dgVMxfuSGJeM/7UCG17TT4EumTfNtF+0nebF/4zWOIkCreAbtNqhGEboB6BWrwqNaw4Q=="
    },
    "fast-deep-equal": {
      "version": "3.1.3",
      "resolved": "https://registry.npmjs.org/fast-deep-equal/-/fast-deep-equal-3.1.3.tgz",
      "integrity": "sha512-f3qQ9oQy9j2AhBe/H9VC91wLmKBCCU/gDOnKNAYG5hswO7BLKj09Hc5HYNz9cGI++xlpDCIgDaitVs03ATR84Q=="
    },
    "find-up": {
      "version": "3.0.0",
      "resolved": "https://registry.npmjs.org/find-up/-/find-up-3.0.0.tgz",
      "integrity": "sha512-1yD6RmLI1XBfxugvORwlck6f75tYL+iR0jqwsOrOxMZyGYqUuDhJ0l4AXdO1iX/FTs9cBAMEk1gWSEx1kSbylg==",
      "requires": {
        "locate-path": "^3.0.0"
      }
    },
    "framework-utils": {
      "version": "0.3.4",
      "resolved": "https://registry.npmjs.org/framework-utils/-/framework-utils-0.3.4.tgz",
      "integrity": "sha512-Psekd+sXiHxtjLvK6aqi7vw6sQpShfBQSYlLkxCyhVzpmeTdxv1lCq8BGx++Mm5yw+MUn5IA4WKNO6LZFtOe2Q=="
    },
    "fs-constants": {
      "version": "1.0.0",
      "resolved": "https://registry.npmjs.org/fs-constants/-/fs-constants-1.0.0.tgz",
      "integrity": "sha512-y6OAwoSIf7FyjMIv94u+b5rdheZEjzR63GTyZJm5qh4Bi+2YgwLCcI/fPFZkL5PSixOt6ZNKm+w+Hfp/Bciwow=="
    },
    "fs-extra": {
      "version": "9.1.0",
      "resolved": "https://registry.npmjs.org/fs-extra/-/fs-extra-9.1.0.tgz",
      "integrity": "sha512-hcg3ZmepS30/7BSFqRvoo3DOMQu7IjqxO5nCDt+zM9XWjb33Wg7ziNT+Qvqbuc3+gWpzO02JubVyk2G4Zvo1OQ==",
      "requires": {
        "at-least-node": "^1.0.0",
        "graceful-fs": "^4.2.0",
        "jsonfile": "^6.0.1",
        "universalify": "^2.0.0"
      }
    },
    "gamepad.js": {
      "version": "1.0.3",
      "resolved": "https://registry.npmjs.org/gamepad.js/-/gamepad.js-1.0.3.tgz",
      "integrity": "sha512-wBrPAWcM2IbASfzC+alcQZvVoNyQ9fXyK2MTvxNqrybaO1vCKGfoBikO3+47DlZKCgOaYj0/wmAlDzfaU1yD0g==",
      "requires": {
        "option-resolver.js": "^0.1.1",
        "tom32i-event-emitter.js": "^2.0.4"
      }
    },
    "gesto": {
      "version": "1.3.0",
      "resolved": "https://registry.npmjs.org/gesto/-/gesto-1.3.0.tgz",
      "integrity": "sha512-be9jSmhiDMjMzCQwBewOp/kBtKDB97d3e2lNkojMW9Ckgeu8c8Qglx7fopnLweoIGlIYsqDqwxHdJAkyL/TmFA==",
      "requires": {
        "@daybrush/utils": "^1.0.0",
        "@scena/event-emitter": "^1.0.2"
      }
    },
    "graceful-fs": {
      "version": "4.2.6",
      "resolved": "https://registry.npmjs.org/graceful-fs/-/graceful-fs-4.2.6.tgz",
      "integrity": "sha512-nTnJ528pbqxYanhpDYsi4Rd8MAeaBA67+RZ10CM1m3bTAVFEDcd5AuA4a6W5YkGZ1iNXHzZz8T6TBKLeBuNriQ=="
    },
    "has-cors": {
      "version": "1.1.0",
      "resolved": "https://registry.npmjs.org/has-cors/-/has-cors-1.1.0.tgz",
      "integrity": "sha1-XkdHk/fqmEPRu5nCPu9J/xJv/zk="
    },
    "ieee754": {
      "version": "1.2.1",
      "resolved": "https://registry.npmjs.org/ieee754/-/ieee754-1.2.1.tgz",
      "integrity": "sha512-dcyqhDvX1C46lXZcVqCpK+FtMRQVdIMN6/Df5js2zouUsqG7I6sFxitIC+7KYK29KdXOLHdu9zL4sFnoVQnqaA=="
    },
    "inherits": {
      "version": "2.0.4",
      "resolved": "https://registry.npmjs.org/inherits/-/inherits-2.0.4.tgz",
      "integrity": "sha512-k/vGaX4/Yla3WzyMCvTQOXYeIHvqOKtnqBduzTHpzpQZzAskKMhZ2K+EnBiSM9zGSoIFeMpXKxa4dYeZIQqewQ=="
    },
    "is-obj": {
      "version": "2.0.0",
      "resolved": "https://registry.npmjs.org/is-obj/-/is-obj-2.0.0.tgz",
      "integrity": "sha512-drqDG3cbczxxEJRoOXcOjtdp1J/lyp1mNn0xaznRs8+muBhgQcrnbspox5X5fOw0HnMnbfDzvnEMEtqDEJEo8w=="
    },
    "ismobilejs": {
      "version": "1.1.1",
      "resolved": "https://registry.npmjs.org/ismobilejs/-/ismobilejs-1.1.1.tgz",
      "integrity": "sha512-VaFW53yt8QO61k2WJui0dHf4SlL8lxBofUuUmwBo0ljPk0Drz2TiuDW4jo3wDcv41qy/SxrJ+VAzJ/qYqsmzRw=="
    },
    "json-schema-traverse": {
      "version": "1.0.0",
      "resolved": "https://registry.npmjs.org/json-schema-traverse/-/json-schema-traverse-1.0.0.tgz",
      "integrity": "sha512-NM8/P9n3XjXhIZn1lLhkFaACTOURQXjWhV4BA/RnOv8xvgqtqpAX9IO4mRQxSx1Rlo4tqzeqb0sOlruaOy3dug=="
    },
    "json-schema-typed": {
      "version": "7.0.3",
      "resolved": "https://registry.npmjs.org/json-schema-typed/-/json-schema-typed-7.0.3.tgz",
      "integrity": "sha512-7DE8mpG+/fVw+dTpjbxnx47TaMnDfOI1jwft9g1VybltZCduyRQPJPvc+zzKY9WPHxhPWczyFuYa6I8Mw4iU5A=="
    },
    "jsonfile": {
      "version": "6.1.0",
      "resolved": "https://registry.npmjs.org/jsonfile/-/jsonfile-6.1.0.tgz",
      "integrity": "sha512-5dgndWOriYSm5cnYaJNhalLNDKOqFwyDB/rr1E9ZsGciGvKPs8R2xYGCacuf3z6K1YKDz182fd+fY3cn3pMqXQ==",
      "requires": {
        "graceful-fs": "^4.1.6",
        "universalify": "^2.0.0"
      }
    },
    "locate-path": {
      "version": "3.0.0",
      "resolved": "https://registry.npmjs.org/locate-path/-/locate-path-3.0.0.tgz",
      "integrity": "sha512-7AO748wWnIhNqAuaty2ZWHkQHRSNfPVIsPIfwEOWO22AmaoVrWavlOcMR5nzTLNYvp36X220/maaRsrec1G65A==",
      "requires": {
        "p-locate": "^3.0.0",
        "path-exists": "^3.0.0"
      }
    },
    "lru-cache": {
      "version": "6.0.0",
      "resolved": "https://registry.npmjs.org/lru-cache/-/lru-cache-6.0.0.tgz",
      "integrity": "sha512-Jo6dJ04CmSjuznwJSS3pUeWmd/H0ffTlkXXgwZi+eq1UCmqQwCh+eLsYOYCwY991i2Fah4h1BEMCx4qThGbsiA==",
      "requires": {
        "yallist": "^4.0.0"
      }
    },
    "make-dir": {
      "version": "3.1.0",
      "resolved": "https://registry.npmjs.org/make-dir/-/make-dir-3.1.0.tgz",
      "integrity": "sha512-g3FeP20LNwhALb/6Cz6Dd4F2ngze0jz7tbzrD2wAV+o9FeNHe4rL+yK2md0J/fiSf1sa1ADhXqi5+oVwOM/eGw==",
      "requires": {
        "semver": "^6.0.0"
      },
      "dependencies": {
        "semver": {
          "version": "6.3.0",
          "resolved": "https://registry.npmjs.org/semver/-/semver-6.3.0.tgz",
          "integrity": "sha512-b39TBaTSfV6yBrapU89p5fKekE2m/NwnDocOVruQFS1/veMgdzuPcnOM34M6CwxW8jH/lxEa5rBoDeUwu5HHTw=="
        }
      }
    },
    "mimic-fn": {
      "version": "3.1.0",
      "resolved": "https://registry.npmjs.org/mimic-fn/-/mimic-fn-3.1.0.tgz",
      "integrity": "sha512-Ysbi9uYW9hFyfrThdDEQuykN4Ey6BuwPD2kpI5ES/nFTDn/98yxYNLZJcgUAKPT/mcrLLKaGzJR9YVxJrIdASQ=="
    },
    "mini-signals": {
      "version": "1.2.0",
      "resolved": "https://registry.npmjs.org/mini-signals/-/mini-signals-1.2.0.tgz",
      "integrity": "sha1-RbCAE8X65RokqhqTXNMXye1yHXQ="
    },
    "mkdirp-classic": {
      "version": "0.5.3",
      "resolved": "https://registry.npmjs.org/mkdirp-classic/-/mkdirp-classic-0.5.3.tgz",
      "integrity": "sha512-gKLcREMhtuZRwRAfqP3RFW+TK4JqApVBtOIftVgjuABpAtpxhPGaDcfvbhNvD0B8iD1oUr/txX35NjcaY6Ns/A=="
    },
    "moveable": {
      "version": "0.24.5",
      "resolved": "https://registry.npmjs.org/moveable/-/moveable-0.24.5.tgz",
      "integrity": "sha512-B4LA061yrWbNshj5dnB1Na/cGiN24kmZc+Rr8uRRSn7I9bfujvvW70JFBT/BNPn9fYJIZ+5zqTPKm27kiCMYRg==",
      "requires": {
        "@scena/event-emitter": "^1.0.3",
        "react-compat-moveable": "~0.12.5"
      }
    },
    "ms": {
      "version": "2.1.2",
      "resolved": "https://registry.npmjs.org/ms/-/ms-2.1.2.tgz",
      "integrity": "sha512-sGkPx+VjMtmA6MX27oA4FBFELFCZZ4S4XqeGOXCv68tT+jb3vk/RyaKWP0PTKyWtmLSM0b+adUTEvbs1PEaH2w=="
    },
    "object-assign": {
      "version": "4.1.1",
      "resolved": "https://registry.npmjs.org/object-assign/-/object-assign-4.1.1.tgz",
      "integrity": "sha1-IQmtx5ZYh8/AXLvUQsrIv7s2CGM="
    },
    "once": {
      "version": "1.4.0",
      "resolved": "https://registry.npmjs.org/once/-/once-1.4.0.tgz",
      "integrity": "sha1-WDsap3WWHUsROsF9nFC6753Xa9E=",
      "requires": {
        "wrappy": "1"
      }
    },
    "onetime": {
      "version": "5.1.2",
      "resolved": "https://registry.npmjs.org/onetime/-/onetime-5.1.2.tgz",
      "integrity": "sha512-kbpaSSGJTWdAY5KPVeMOKXSrPtr8C8C7wodJbcsd51jRnmD+GZu8Y0VoU6Dm5Z4vWr0Ig/1NKuWRKf7j5aaYSg==",
      "requires": {
        "mimic-fn": "^2.1.0"
      },
      "dependencies": {
        "mimic-fn": {
          "version": "2.1.0",
          "resolved": "https://registry.npmjs.org/mimic-fn/-/mimic-fn-2.1.0.tgz",
          "integrity": "sha512-OqbOk5oEQeAZ8WXWydlu9HJjz9WVdEIvamMCcXmuqUYjTknH/sqsWvhQ3vgwKFRR1HpjvNBKQ37nbJgYzGqGcg=="
        }
      }
    },
    "option-resolver.js": {
      "version": "0.1.1",
      "resolved": "https://registry.npmjs.org/option-resolver.js/-/option-resolver.js-0.1.1.tgz",
      "integrity": "sha512-p9wIVX2gUAwYPlSHf3k12uov/8y7j4ly4S3bmDa8btCuN3BnA/Nt+lkPKiDy/7iJQvq5B+NnssR3Z+7GuTc4wg=="
    },
    "overlap-area": {
      "version": "1.0.0",
      "resolved": "https://registry.npmjs.org/overlap-area/-/overlap-area-1.0.0.tgz",
      "integrity": "sha512-Oi3hxRf6Flvv1upldnjOtV7euFkc75G/wsxYfS/ssNKEZ3Z+HbIoPHkFfLH3hgwqLJKpq9wdFo7I6xcdS6k8yg==",
      "requires": {
        "@daybrush/utils": "^1.3.1"
      }
    },
    "p-limit": {
      "version": "2.3.0",
      "resolved": "https://registry.npmjs.org/p-limit/-/p-limit-2.3.0.tgz",
      "integrity": "sha512-//88mFWSJx8lxCzwdAABTJL2MyWB12+eIY7MDL2SqLmAkeKU9qxRvWuSyTjm3FUmpBEMuFfckAIqEaVGUDxb6w==",
      "requires": {
        "p-try": "^2.0.0"
      }
    },
    "p-locate": {
      "version": "3.0.0",
      "resolved": "https://registry.npmjs.org/p-locate/-/p-locate-3.0.0.tgz",
      "integrity": "sha512-x+12w/To+4GFfgJhBEpiDcLozRJGegY+Ei7/z0tSLkMmxGZNybVMSfWj9aJn8Z5Fc7dBUNJOOVgPv2H7IwulSQ==",
      "requires": {
        "p-limit": "^2.0.0"
      }
    },
    "p-try": {
      "version": "2.2.0",
      "resolved": "https://registry.npmjs.org/p-try/-/p-try-2.2.0.tgz",
      "integrity": "sha512-R4nPAVTAU0B9D35/Gk3uJf/7XYbQcyohSKdvAxIRSNghFl4e71hVoGnBNQz9cWaXxO2I10KTC+3jMdvvoKw6dQ=="
    },
    "parse-uri": {
      "version": "1.0.3",
      "resolved": "https://registry.npmjs.org/parse-uri/-/parse-uri-1.0.3.tgz",
      "integrity": "sha512-upMnGxNcm+45So85HoguwZTVZI9u11i36DdxJfGF2HYWS2eh3TIx7+/tTi7qrEq15qzGkVhsKjesau+kCk48pA=="
    },
    "parseqs": {
      "version": "0.0.6",
      "resolved": "https://registry.npmjs.org/parseqs/-/parseqs-0.0.6.tgz",
      "integrity": "sha512-jeAGzMDbfSHHA091hr0r31eYfTig+29g3GKKE/PPbEQ65X0lmMwlEoqmhzu0iztID5uJpZsFlUPDP8ThPL7M8w=="
    },
    "parseuri": {
      "version": "0.0.6",
      "resolved": "https://registry.npmjs.org/parseuri/-/parseuri-0.0.6.tgz",
      "integrity": "sha512-AUjen8sAkGgao7UyCX6Ahv0gIK2fABKmYjvP4xmy5JaKvcbTRueIqIPHLAfq30xJddqSE033IOMUSOMCcK3Sow=="
    },
    "parsimmon": {
      "version": "1.16.0",
      "resolved": "https://registry.npmjs.org/parsimmon/-/parsimmon-1.16.0.tgz",
      "integrity": "sha512-tekGDz2Lny27SQ/5DzJdIK0lqsWwZ667SCLFIDCxaZM7VNgQjyKLbaL7FYPKpbjdxNAXFV/mSxkq5D2fnkW4pA=="
    },
    "path-exists": {
      "version": "3.0.0",
      "resolved": "https://registry.npmjs.org/path-exists/-/path-exists-3.0.0.tgz",
      "integrity": "sha1-zg6+ql94yxiSXqfYENe1mwEP1RU="
    },
    "pixi-sound": {
      "version": "3.0.5",
      "resolved": "https://registry.npmjs.org/pixi-sound/-/pixi-sound-3.0.5.tgz",
      "integrity": "sha512-I3qDfaDI3xSwMuH8ZbhIyoZiRv0jEDxR60D2rBZTTvlK5owxo5Sx4vDaQlrIyETilTU0xvBtiwh7fPGKBOsCTw=="
    },
    "pixi.js": {
      "version": "5.3.9",
      "resolved": "https://registry.npmjs.org/pixi.js/-/pixi.js-5.3.9.tgz",
      "integrity": "sha512-MLczwbhFmFBXImy9TlUbjnQb8nQK3Zez/UHs2z3cBqXDLx9wSZ0kwJbeY4XAWuJNy3WeZtqKeDoteonNaDxMUQ==",
      "requires": {
        "@pixi/accessibility": "5.3.9",
        "@pixi/app": "5.3.9",
        "@pixi/constants": "5.3.9",
        "@pixi/core": "5.3.9",
        "@pixi/display": "5.3.9",
        "@pixi/extract": "5.3.9",
        "@pixi/filter-alpha": "5.3.9",
        "@pixi/filter-blur": "5.3.9",
        "@pixi/filter-color-matrix": "5.3.9",
        "@pixi/filter-displacement": "5.3.9",
        "@pixi/filter-fxaa": "5.3.9",
        "@pixi/filter-noise": "5.3.9",
        "@pixi/graphics": "5.3.9",
        "@pixi/interaction": "5.3.9",
        "@pixi/loaders": "5.3.9",
        "@pixi/math": "5.3.9",
        "@pixi/mesh": "5.3.9",
        "@pixi/mesh-extras": "5.3.9",
        "@pixi/mixin-cache-as-bitmap": "5.3.9",
        "@pixi/mixin-get-child-by-name": "5.3.9",
        "@pixi/mixin-get-global-position": "5.3.9",
        "@pixi/particles": "5.3.9",
        "@pixi/polyfill": "5.3.9",
        "@pixi/prepare": "5.3.9",
        "@pixi/runner": "5.3.9",
        "@pixi/settings": "5.3.9",
        "@pixi/sprite": "5.3.9",
        "@pixi/sprite-animated": "5.3.9",
        "@pixi/sprite-tiling": "5.3.9",
        "@pixi/spritesheet": "5.3.9",
        "@pixi/text": "5.3.9",
        "@pixi/text-bitmap": "5.3.9",
        "@pixi/ticker": "5.3.9",
        "@pixi/utils": "5.3.9"
      }
    },
    "pkg-up": {
      "version": "3.1.0",
      "resolved": "https://registry.npmjs.org/pkg-up/-/pkg-up-3.1.0.tgz",
      "integrity": "sha512-nDywThFk1i4BQK4twPQ6TA4RT8bDY96yeuCVBWL3ePARCiEKDRSrNGbFIgUJpLp+XeIR65v8ra7WuJOFUBtkMA==",
      "requires": {
        "find-up": "^3.0.0"
      }
    },
    "platform": {
      "version": "1.3.6",
      "resolved": "https://registry.npmjs.org/platform/-/platform-1.3.6.tgz",
      "integrity": "sha512-fnWVljUchTro6RiCFvCXBbNhJc2NijN7oIQxbwsyL0buWJPG85v81ehlHI9fXrJsMNgTofEoWIQeClKpgxFLrg=="
    },
    "pump": {
      "version": "3.0.0",
      "resolved": "https://registry.npmjs.org/pump/-/pump-3.0.0.tgz",
      "integrity": "sha512-LwZy+p3SFs1Pytd/jYct4wpv49HiYCqd9Rlc5ZVdk0V+8Yzv6jR5Blk3TRmPL1ft69TxP0IMZGJ+WPFU2BFhww==",
      "requires": {
        "end-of-stream": "^1.1.0",
        "once": "^1.3.1"
      }
    },
    "punycode": {
      "version": "2.1.1",
      "resolved": "https://registry.npmjs.org/punycode/-/punycode-2.1.1.tgz",
      "integrity": "sha512-XRsRjdf+j5ml+y/6GKHPZbrF/8p2Yga0JPtdqTIY2Xe5ohJPD9saDJJLPvp9+NSBprVvevdXZybnj2cv8OEd0A=="
    },
    "querystring": {
      "version": "0.2.0",
      "resolved": "https://registry.npmjs.org/querystring/-/querystring-0.2.0.tgz",
      "integrity": "sha1-sgmEkgO7Jd+CDadW50cAWHhSFiA="
    },
    "react-compat-css-styled": {
      "version": "1.0.6",
      "resolved": "https://registry.npmjs.org/react-compat-css-styled/-/react-compat-css-styled-1.0.6.tgz",
      "integrity": "sha512-xzEq7a06ttItTA29nqBbso1fw7pOirU3iEsYyvSo0pz8NJ5pflLWPq3hJ/0/J1M8OOfOrlfuA5xQSlzcLBX8eQ==",
      "requires": {
        "@daybrush/utils": "^1.0.0",
        "css-styled": "^1.0.0",
        "framework-utils": "^0.3.4",
        "react-css-styled": "^1.0.2",
        "react-simple-compat": "^1.1.0"
      }
    },
    "react-compat-moveable": {
      "version": "0.12.5",
      "resolved": "https://registry.npmjs.org/react-compat-moveable/-/react-compat-moveable-0.12.5.tgz",
      "integrity": "sha512-9hZEy4J55ZVUWd66+GWY9/+aUg9ZCxe6Nu//xubSEUYmCopjIMRV58c6/nKbntj+dMKSXN2K6Wv14sDjARFi4Q==",
      "requires": {
        "@daybrush/utils": "^1.4.0",
        "@scena/dragscroll": "^1.0.1",
        "react-compat-css-styled": "^1.0.5",
        "react-moveable": "~0.27.5",
        "react-simple-compat": "^1.1.0"
      }
    },
    "react-css-styled": {
      "version": "1.0.2",
      "resolved": "https://registry.npmjs.org/react-css-styled/-/react-css-styled-1.0.2.tgz",
      "integrity": "sha512-5XBI2lLNO1q2N0l6B4VWbGIlysVCsMJavWvu4ydDe58EToBP9tF0HNCUS7p8MyhQRnwCe9JCW6HkXU0TkVvS4A==",
      "requires": {
        "css-styled": "^1.0.0",
        "framework-utils": "^0.3.4"
      }
    },
    "react-moveable": {
      "version": "0.27.6",
      "resolved": "https://registry.npmjs.org/react-moveable/-/react-moveable-0.27.6.tgz",
      "integrity": "sha512-6qY5umJ4eIrFp+5zwGQP7IkUhHgEY2aeRDMN3N57Cp4tq3K7vYHxciHxqtsZFF1HWOnuJpP2ESqek4quHgMG6w==",
      "requires": {
        "@daybrush/utils": "^1.4.0",
        "@egjs/agent": "^2.2.1",
        "@egjs/children-differ": "^1.0.1",
        "@scena/dragscroll": "^1.0.1",
        "@scena/matrix": "^1.1.1",
        "css-to-mat": "^1.0.2",
        "framework-utils": "^1.1.0",
        "gesto": "^1.2.1",
        "overlap-area": "^1.0.0",
        "react-css-styled": "^1.0.1"
      },
      "dependencies": {
        "framework-utils": {
          "version": "1.1.0",
          "resolved": "https://registry.npmjs.org/framework-utils/-/framework-utils-1.1.0.tgz",
          "integrity": "sha512-KAfqli5PwpFJ8o3psRNs8svpMGyCSAe8nmGcjQ0zZBWN2H6dZDnq+ABp3N3hdUmFeMrLtjOCTXD4yplUJIWceg=="
        }
      }
    },
    "react-simple-compat": {
      "version": "1.1.0",
      "resolved": "https://registry.npmjs.org/react-simple-compat/-/react-simple-compat-1.1.0.tgz",
      "integrity": "sha512-jnwwX5QTktcZgZDJYukN2qCxu4WQBrFHu3d4zTdvGaeGA61sUn1Qsv8cOSeW1HSyPE9oEUBIBrOqwEFA1VWDbA==",
      "requires": {
        "@daybrush/utils": "^1.0.0",
        "@egjs/list-differ": "^1.0.0"
      }
    },
    "readable-stream": {
      "version": "3.6.0",
      "resolved": "https://registry.npmjs.org/readable-stream/-/readable-stream-3.6.0.tgz",
      "integrity": "sha512-BViHy7LKeTz4oNnkcLJ+lVSL6vpiFeX6/d3oSH8zCW7UxP2onchk+vTGB143xuFjHS3deTgkKoXXymXqymiIdA==",
      "requires": {
        "inherits": "^2.0.3",
        "string_decoder": "^1.1.1",
        "util-deprecate": "^1.0.1"
      }
    },
    "require-from-string": {
      "version": "2.0.2",
      "resolved": "https://registry.npmjs.org/require-from-string/-/require-from-string-2.0.2.tgz",
      "integrity": "sha512-Xf0nWe6RseziFMu+Ap9biiUbmplq6S9/p+7w7YXP/JBHhrUDDUhwa+vANyubuqfZWTveU//DYVGsDG7RKL/vEw=="
    },
    "resource-loader": {
      "version": "3.0.1",
      "resolved": "https://registry.npmjs.org/resource-loader/-/resource-loader-3.0.1.tgz",
      "integrity": "sha512-fBuCRbEHdLCI1eglzQhUv9Rrdcmqkydr1r6uHE2cYHvRBrcLXeSmbE/qI/urFt8rPr/IGxir3BUwM5kUK8XoyA==",
      "requires": {
        "mini-signals": "^1.2.0",
        "parse-uri": "^1.0.0"
      }
    },
    "safe-buffer": {
      "version": "5.2.1",
      "resolved": "https://registry.npmjs.org/safe-buffer/-/safe-buffer-5.2.1.tgz",
      "integrity": "sha512-rp3So07KcdmmKbGvgaNxQSJr7bGVSVk5S9Eq1F+ppbRo70+YeaDxkw5Dd8NPN+GD6bjnYm2VuPuCXmpuYvmCXQ=="
    },
    "sax": {
      "version": "1.2.4",
      "resolved": "https://registry.npmjs.org/sax/-/sax-1.2.4.tgz",
      "integrity": "sha512-NqVDv9TpANUjFm0N8uM5GxL36UgKi9/atZw+x7YFnQ8ckwFGKrl4xX4yWtrey3UJm5nP1kUbnYgLopqWNSRhWw=="
    },
    "semver": {
      "version": "7.3.5",
      "resolved": "https://registry.npmjs.org/semver/-/semver-7.3.5.tgz",
      "integrity": "sha512-PoeGJYh8HK4BTO/a9Tf6ZG3veo/A7ZVsYrSA6J8ny9nb3B1VrpkuN+z9OE5wfE5p6H4LchYZsegiQgbJD94ZFQ==",
      "requires": {
        "lru-cache": "^6.0.0"
      }
    },
    "socket.io-client": {
      "version": "4.0.1",
      "resolved": "https://registry.npmjs.org/socket.io-client/-/socket.io-client-4.0.1.tgz",
      "integrity": "sha512-6AkaEG5zrVuSVW294cH1chioag9i1OqnCYjKwTc3EBGXbnyb98Lw7yMa40ifLjFj3y6fsFKsd0llbUZUCRf3Qw==",
      "requires": {
        "@types/component-emitter": "^1.2.10",
        "backo2": "~1.0.2",
        "component-emitter": "~1.3.0",
        "debug": "~4.3.1",
        "engine.io-client": "~5.0.0",
        "parseuri": "0.0.6",
        "socket.io-parser": "~4.0.4"
      }
    },
    "socket.io-parser": {
      "version": "4.0.4",
      "resolved": "https://registry.npmjs.org/socket.io-parser/-/socket.io-parser-4.0.4.tgz",
      "integrity": "sha512-t+b0SS+IxG7Rxzda2EVvyBZbvFPBCjJoyHuE0P//7OAsN23GItzDRdWa6ALxZI/8R5ygK7jAR6t028/z+7295g==",
      "requires": {
        "@types/component-emitter": "^1.2.10",
        "component-emitter": "~1.3.0",
        "debug": "~4.3.1"
      }
    },
    "store": {
      "version": "2.0.12",
      "resolved": "https://registry.npmjs.org/store/-/store-2.0.12.tgz",
      "integrity": "sha1-jFNOKguDH3K3X8XxEZhXxE711ZM="
    },
    "string-hash": {
      "version": "1.1.3",
      "resolved": "https://registry.npmjs.org/string-hash/-/string-hash-1.1.3.tgz",
      "integrity": "sha1-6Kr8CsGFW0Zmkp7X3RJ1311sgRs="
    },
    "string_decoder": {
      "version": "1.3.0",
      "resolved": "https://registry.npmjs.org/string_decoder/-/string_decoder-1.3.0.tgz",
      "integrity": "sha512-hkRX8U1WjJFd8LsDJ2yQ/wWWxaopEsABU1XfkM8A+j0+85JAGppt16cr1Whg6KIbb4okU6Mql6BOj+uup/wKeA==",
      "requires": {
        "safe-buffer": "~5.2.0"
      }
    },
    "tar-fs": {
      "version": "2.1.1",
      "resolved": "https://registry.npmjs.org/tar-fs/-/tar-fs-2.1.1.tgz",
      "integrity": "sha512-V0r2Y9scmbDRLCNex/+hYzvp/zyYjvFbHPNgVTKfQvVrb6guiE/fxP+XblDNR011utopbkex2nM4dHNV6GDsng==",
      "requires": {
        "chownr": "^1.1.1",
        "mkdirp-classic": "^0.5.2",
        "pump": "^3.0.0",
        "tar-stream": "^2.1.4"
      }
    },
    "tar-stream": {
      "version": "2.2.0",
      "resolved": "https://registry.npmjs.org/tar-stream/-/tar-stream-2.2.0.tgz",
      "integrity": "sha512-ujeqbceABgwMZxEJnk2HDY2DlnUZ+9oEcb1KzTVfYHio0UE6dG71n60d8D2I4qNvleWrrXpmjpt7vZeF1LnMZQ==",
      "requires": {
        "bl": "^4.0.3",
        "end-of-stream": "^1.4.1",
        "fs-constants": "^1.0.0",
        "inherits": "^2.0.3",
        "readable-stream": "^3.1.1"
      }
    },
    "tom32i-event-emitter.js": {
      "version": "2.0.4",
      "resolved": "https://registry.npmjs.org/tom32i-event-emitter.js/-/tom32i-event-emitter.js-2.0.4.tgz",
      "integrity": "sha512-uNJdsOSjFBPH22YtwNbR6vEDVad1ko2NycqpMSZxGZjLYvaLUxHpPAM8C2ePJHZAJ8ipMTmnItOLnYcxvuT+Yw=="
    },
    "type-fest": {
      "version": "0.20.2",
      "resolved": "https://registry.npmjs.org/type-fest/-/type-fest-0.20.2.tgz",
      "integrity": "sha512-Ne+eE4r0/iWnpAxD852z3A+N0Bt5RN//NjJwRd2VFHEmrywxf5vsZlh4R6lixl6B+wz/8d+maTSAkN1FIkI3LQ=="
    },
    "universalify": {
      "version": "2.0.0",
      "resolved": "https://registry.npmjs.org/universalify/-/universalify-2.0.0.tgz",
      "integrity": "sha512-hAZsKq7Yy11Zu1DE0OzWjw7nnLZmJZYTDZZyEFHZdUhV8FkH5MCfoU1XMaxXovpyW5nq5scPqq0ZDP9Zyl04oQ=="
    },
    "uri-js": {
      "version": "4.4.1",
      "resolved": "https://registry.npmjs.org/uri-js/-/uri-js-4.4.1.tgz",
      "integrity": "sha512-7rKUyy33Q1yc98pQ1DAmLtwX109F7TIfWlW1Ydo8Wl1ii1SeHieeh0HHfPeL2fMXK6z0s8ecKs9frCuLJvndBg==",
      "requires": {
        "punycode": "^2.1.0"
      }
    },
    "url": {
      "version": "0.11.0",
      "resolved": "https://registry.npmjs.org/url/-/url-0.11.0.tgz",
      "integrity": "sha1-ODjpfPxgUh63PFJajlW/3Z4uKPE=",
      "requires": {
        "punycode": "1.3.2",
        "querystring": "0.2.0"
      },
      "dependencies": {
        "punycode": {
          "version": "1.3.2",
          "resolved": "https://registry.npmjs.org/punycode/-/punycode-1.3.2.tgz",
          "integrity": "sha1-llOgNvt8HuQjQvIyXM7v6jkmxI0="
        }
      }
    },
    "util-deprecate": {
      "version": "1.0.2",
      "resolved": "https://registry.npmjs.org/util-deprecate/-/util-deprecate-1.0.2.tgz",
      "integrity": "sha1-RQ1Nyfpw3nMnYvvS1KKJgUGaDM8="
    },
    "wrappy": {
      "version": "1.0.2",
      "resolved": "https://registry.npmjs.org/wrappy/-/wrappy-1.0.2.tgz",
      "integrity": "sha1-tSQ9jz7BqjXxNkYFvA0QNuMKtp8="
    },
    "ws": {
      "version": "7.4.4",
      "resolved": "https://registry.npmjs.org/ws/-/ws-7.4.4.tgz",
      "integrity": "sha512-Qm8k8ojNQIMx7S+Zp8u/uHOx7Qazv3Yv4q68MiWWWOJhiwG5W3x7iqmRtJo8xxrciZUY4vRxUTJCKuRnF28ZZw=="
    },
    "xml2js": {
      "version": "0.4.23",
      "resolved": "https://registry.npmjs.org/xml2js/-/xml2js-0.4.23.tgz",
      "integrity": "sha512-ySPiMjM0+pLDftHgXY4By0uswI3SPKLDw/i3UXbnO8M/p28zqexCUoPmQFrYD+/1BzhGJSs2i1ERWKJAtiLrug==",
      "requires": {
        "sax": ">=0.6.0",
        "xmlbuilder": "~11.0.0"
      }
    },
    "xmlbuilder": {
      "version": "11.0.1",
      "resolved": "https://registry.npmjs.org/xmlbuilder/-/xmlbuilder-11.0.1.tgz",
      "integrity": "sha512-fDlsI/kFEx7gLvbecc0/ohLG50fugQp8ryHzMTuW9vSa1GJ0XYWKnhsUx7oie3G98+r56aTQIUB4kht42R3JvA=="
    },
    "yallist": {
      "version": "4.0.0",
      "resolved": "https://registry.npmjs.org/yallist/-/yallist-4.0.0.tgz",
      "integrity": "sha512-3wdGidZyq5PB084XLES5TpOSRA3wjXAlIWMhum2kRcv/41Sn2emQ0dycQW4uZXLejwKvg6EsvbdlVL+FYEct7A=="
    },
    "yeast": {
      "version": "0.1.2",
      "resolved": "https://registry.npmjs.org/yeast/-/yeast-0.1.2.tgz",
      "integrity": "sha1-AI4G2AlDIMNy28L47XagymyKxBk="
    }
  }
}
